
Microsoft Visual Studio Solution File, Format Version 12.00
# Visual Studio Version 16
VisualStudioVersion = 16.0.31702.278
MinimumVisualStudioVersion = 10.0.40219.1
Project("{FAE04EC0-301F-11D3-BF4B-00C04F79EFBC}") = "Task_05", "Task_05\Task_05.csproj", "{F2531B4E-60B3-48FA-943F-8C34485FE8CE}"
EndProject
Project("{FAE04EC0-301F-11D3-BF4B-00C04F79EFBC}") = "UWP-020-Common XAML Controls", "UWP-020-Common XAML Controls\UWP-020-Common XAML Controls.csproj", "{6111C066-65A6-4CF3-8C54-E817E0C732BB}"
EndProject
Project("{FAE04EC0-301F-11D3-BF4B-00C04F79EFBC}") = "UWP-025-Common XAML Controls", "UWP-025-Common XAML Controls\UWP-025-Common XAML Controls.csproj", "{5D165379-0AE5-4A64-AD4D-D66E369374E6}"
EndProject
Project("{FAE04EC0-301F-11D3-BF4B-00C04F79EFBC}") = "UWP-026-Working with the ScrollViewer", "UWP-026-Working with the ScrollViewer\UWP-026-Working with the ScrollViewer.csproj", "{DA4F80F7-AFC6-4181-B832-1DDC8A015E92}"
EndProject
Project("{FAE04EC0-301F-11D3-BF4B-00C04F79EFBC}") = "UWP-027 - Canvas and Shapes", "UWP-027 - Canvas and Shapes\UWP-027 - Canvas and Shapes.csproj", "{6C035EDF-874B-46AF-A0E9-E36CE2544031}"
EndProject
Project("{FAE04EC0-301F-11D3-BF4B-00C04F79EFBC}") = "UWP-028 - XAML Styles", "UWP-028 - XAML Styles\UWP-028 - XAML Styles.csproj", "{B8980F7E-FA8C-492E-92B6-432D6D0CEAF3}"
EndProject
Project("{FAE04EC0-301F-11D3-BF4B-00C04F79EFBC}") = "UWP-029 - XAML Themes", "UWP-029 - XAML Themes\UWP-029 - XAML Themes.csproj", "{7F8D4CE4-1E05-4E84-B94E-02DBA17B45FB}"
EndProject
Global
	GlobalSection(SolutionConfigurationPlatforms) = preSolution
		Debug|ARM = Debug|ARM
		Debug|ARM64 = Debug|ARM64
		Debug|x64 = Debug|x64
		Debug|x86 = Debug|x86
		Release|ARM = Release|ARM
		Release|ARM64 = Release|ARM64
		Release|x64 = Release|x64
		Release|x86 = Release|x86
	EndGlobalSection
	GlobalSection(ProjectConfigurationPlatforms) = postSolution
		{F2531B4E-60B3-48FA-943F-8C34485FE8CE}.Debug|ARM.ActiveCfg = Debug|ARM
		{F2531B4E-60B3-48FA-943F-8C34485FE8CE}.Debug|ARM.Build.0 = Debug|ARM
		{F2531B4E-60B3-48FA-943F-8C34485FE8CE}.Debug|ARM.Deploy.0 = Debug|ARM
		{F2531B4E-60B3-48FA-943F-8C34485FE8CE}.Debug|ARM64.ActiveCfg = Debug|ARM64
		{F2531B4E-60B3-48FA-943F-8C34485FE8CE}.Debug|ARM64.Build.0 = Debug|ARM64
		{F2531B4E-60B3-48FA-943F-8C34485FE8CE}.Debug|ARM64.Deploy.0 = Debug|ARM64
		{F2531B4E-60B3-48FA-943F-8C34485FE8CE}.Debug|x64.ActiveCfg = Debug|x64
		{F2531B4E-60B3-48FA-943F-8C34485FE8CE}.Debug|x64.Build.0 = Debug|x64
		{F2531B4E-60B3-48FA-943F-8C34485FE8CE}.Debug|x64.Deploy.0 = Debug|x64
		{F2531B4E-60B3-48FA-943F-8C34485FE8CE}.Debug|x86.ActiveCfg = Debug|x86
		{F2531B4E-60B3-48FA-943F-8C34485FE8CE}.Debug|x86.Build.0 = Debug|x86
		{F2531B4E-60B3-48FA-943F-8C34485FE8CE}.Debug|x86.Deploy.0 = Debug|x86
		{F2531B4E-60B3-48FA-943F-8C34485FE8CE}.Release|ARM.ActiveCfg = Release|ARM
		{F2531B4E-60B3-48FA-943F-8C34485FE8CE}.Release|ARM.Build.0 = Release|ARM
		{F2531B4E-60B3-48FA-943F-8C34485FE8CE}.Release|ARM.Deploy.0 = Release|ARM
		{F2531B4E-60B3-48FA-943F-8C34485FE8CE}.Release|ARM64.ActiveCfg = Release|ARM64
		{F2531B4E-60B3-48FA-943F-8C34485FE8CE}.Release|ARM64.Build.0 = Release|ARM64
		{F2531B4E-60B3-48FA-943F-8C34485FE8CE}.Release|ARM64.Deploy.0 = Release|ARM64
		{F2531B4E-60B3-48FA-943F-8C34485FE8CE}.Release|x64.ActiveCfg = Release|x64
		{F2531B4E-60B3-48FA-943F-8C34485FE8CE}.Release|x64.Build.0 = Release|x64
		{F2531B4E-60B3-48FA-943F-8C34485FE8CE}.Release|x64.Deploy.0 = Release|x64
		{F2531B4E-60B3-48FA-943F-8C34485FE8CE}.Release|x86.ActiveCfg = Release|x86
		{F2531B4E-60B3-48FA-943F-8C34485FE8CE}.Release|x86.Build.0 = Release|x86
		{F2531B4E-60B3-48FA-943F-8C34485FE8CE}.Release|x86.Deploy.0 = Release|x86
		{6111C066-65A6-4CF3-8C54-E817E0C732BB}.Debug|ARM.ActiveCfg = Debug|ARM
		{6111C066-65A6-4CF3-8C54-E817E0C732BB}.Debug|ARM.Build.0 = Debug|ARM
		{6111C066-65A6-4CF3-8C54-E817E0C732BB}.Debug|ARM.Deploy.0 = Debug|ARM
		{6111C066-65A6-4CF3-8C54-E817E0C732BB}.Debug|ARM64.ActiveCfg = Debug|ARM64
		{6111C066-65A6-4CF3-8C54-E817E0C732BB}.Debug|ARM64.Build.0 = Debug|ARM64
		{6111C066-65A6-4CF3-8C54-E817E0C732BB}.Debug|ARM64.Deploy.0 = Debug|ARM64
		{6111C066-65A6-4CF3-8C54-E817E0C732BB}.Debug|x64.ActiveCfg = Debug|x64
		{6111C066-65A6-4CF3-8C54-E817E0C732BB}.Debug|x64.Build.0 = Debug|x64
		{6111C066-65A6-4CF3-8C54-E817E0C732BB}.Debug|x64.Deploy.0 = Debug|x64
		{6111C066-65A6-4CF3-8C54-E817E0C732BB}.Debug|x86.ActiveCfg = Debug|x86
		{6111C066-65A6-4CF3-8C54-E817E0C732BB}.Debug|x86.Build.0 = Debug|x86
		{6111C066-65A6-4CF3-8C54-E817E0C732BB}.Debug|x86.Deploy.0 = Debug|x86
		{6111C066-65A6-4CF3-8C54-E817E0C732BB}.Release|ARM.ActiveCfg = Release|ARM
		{6111C066-65A6-4CF3-8C54-E817E0C732BB}.Release|ARM.Build.0 = Release|ARM
		{6111C066-65A6-4CF3-8C54-E817E0C732BB}.Release|ARM.Deploy.0 = Release|ARM
		{6111C066-65A6-4CF3-8C54-E817E0C732BB}.Release|ARM64.ActiveCfg = Release|ARM64
		{6111C066-65A6-4CF3-8C54-E817E0C732BB}.Release|ARM64.Build.0 = Release|ARM64
		{6111C066-65A6-4CF3-8C54-E817E0C732BB}.Release|ARM64.Deploy.0 = Release|ARM64
		{6111C066-65A6-4CF3-8C54-E817E0C732BB}.Release|x64.ActiveCfg = Release|x64
		{6111C066-65A6-4CF3-8C54-E817E0C732BB}.Release|x64.Build.0 = Release|x64
		{6111C066-65A6-4CF3-8C54-E817E0C732BB}.Release|x64.Deploy.0 = Release|x64
		{6111C066-65A6-4CF3-8C54-E817E0C732BB}.Release|x86.ActiveCfg = Release|x86
		{6111C066-65A6-4CF3-8C54-E817E0C732BB}.Release|x86.Build.0 = Release|x86
		{6111C066-65A6-4CF3-8C54-E817E0C732BB}.Release|x86.Deploy.0 = Release|x86
		{5D165379-0AE5-4A64-AD4D-D66E369374E6}.Debug|ARM.ActiveCfg = Debug|ARM
		{5D165379-0AE5-4A64-AD4D-D66E369374E6}.Debug|ARM.Build.0 = Debug|ARM
		{5D165379-0AE5-4A64-AD4D-D66E369374E6}.Debug|ARM.Deploy.0 = Debug|ARM
		{5D165379-0AE5-4A64-AD4D-D66E369374E6}.Debug|ARM64.ActiveCfg = Debug|ARM64
		{5D165379-0AE5-4A64-AD4D-D66E369374E6}.Debug|ARM64.Build.0 = Debug|ARM64
		{5D165379-0AE5-4A64-AD4D-D66E369374E6}.Debug|ARM64.Deploy.0 = Debug|ARM64
		{5D165379-0AE5-4A64-AD4D-D66E369374E6}.Debug|x64.ActiveCfg = Debug|x64
		{5D165379-0AE5-4A64-AD4D-D66E369374E6}.Debug|x64.Build.0 = Debug|x64
		{5D165379-0AE5-4A64-AD4D-D66E369374E6}.Debug|x64.Deploy.0 = Debug|x64
		{5D165379-0AE5-4A64-AD4D-D66E369374E6}.Debug|x86.ActiveCfg = Debug|x86
		{5D165379-0AE5-4A64-AD4D-D66E369374E6}.Debug|x86.Build.0 = Debug|x86
		{5D165379-0AE5-4A64-AD4D-D66E369374E6}.Debug|x86.Deploy.0 = Debug|x86
		{5D165379-0AE5-4A64-AD4D-D66E369374E6}.Release|ARM.ActiveCfg = Release|ARM
		{5D165379-0AE5-4A64-AD4D-D66E369374E6}.Release|ARM.Build.0 = Release|ARM
		{5D165379-0AE5-4A64-AD4D-D66E369374E6}.Release|ARM.Deploy.0 = Release|ARM
		{5D165379-0AE5-4A64-AD4D-D66E369374E6}.Release|ARM64.ActiveCfg = Release|ARM64
		{5D165379-0AE5-4A64-AD4D-D66E369374E6}.Release|ARM64.Build.0 = Release|ARM64
		{5D165379-0AE5-4A64-AD4D-D66E369374E6}.Release|ARM64.Deploy.0 = Release|ARM64
		{5D165379-0AE5-4A64-AD4D-D66E369374E6}.Release|x64.ActiveCfg = Release|x64
		{5D165379-0AE5-4A64-AD4D-D66E369374E6}.Release|x64.Build.0 = Release|x64
		{5D165379-0AE5-4A64-AD4D-D66E369374E6}.Release|x64.Deploy.0 = Release|x64
		{5D165379-0AE5-4A64-AD4D-D66E369374E6}.Release|x86.ActiveCfg = Release|x86
		{5D165379-0AE5-4A64-AD4D-D66E369374E6}.Release|x86.Build.0 = Release|x86
		{5D165379-0AE5-4A64-AD4D-D66E369374E6}.Release|x86.Deploy.0 = Release|x86
		{DA4F80F7-AFC6-4181-B832-1DDC8A015E92}.Debug|ARM.ActiveCfg = Debug|ARM
		{DA4F80F7-AFC6-4181-B832-1DDC8A015E92}.Debug|ARM.Build.0 = Debug|ARM
		{DA4F80F7-AFC6-4181-B832-1DDC8A015E92}.Debug|ARM.Deploy.0 = Debug|ARM
		{DA4F80F7-AFC6-4181-B832-1DDC8A015E92}.Debug|ARM64.ActiveCfg = Debug|ARM64
		{DA4F80F7-AFC6-4181-B832-1DDC8A015E92}.Debug|ARM64.Build.0 = Debug|ARM64
		{DA4F80F7-AFC6-4181-B832-1DDC8A015E92}.Debug|ARM64.Deploy.0 = Debug|ARM64
		{DA4F80F7-AFC6-4181-B832-1DDC8A015E92}.Debug|x64.ActiveCfg = Debug|x64
		{DA4F80F7-AFC6-4181-B832-1DDC8A015E92}.Debug|x64.Build.0 = Debug|x64
		{DA4F80F7-AFC6-4181-B832-1DDC8A015E92}.Debug|x64.Deploy.0 = Debug|x64
		{DA4F80F7-AFC6-4181-B832-1DDC8A015E92}.Debug|x86.ActiveCfg = Debug|x86
		{DA4F80F7-AFC6-4181-B832-1DDC8A015E92}.Debug|x86.Build.0 = Debug|x86
		{DA4F80F7-AFC6-4181-B832-1DDC8A015E92}.Debug|x86.Deploy.0 = Debug|x86
		{DA4F80F7-AFC6-4181-B832-1DDC8A015E92}.Release|ARM.ActiveCfg = Release|ARM
		{DA4F80F7-AFC6-4181-B832-1DDC8A015E92}.Release|ARM.Build.0 = Release|ARM
		{DA4F80F7-AFC6-4181-B832-1DDC8A015E92}.Release|ARM.Deploy.0 = Release|ARM
		{DA4F80F7-AFC6-4181-B832-1DDC8A015E92}.Release|ARM64.ActiveCfg = Release|ARM64
		{DA4F80F7-AFC6-4181-B832-1DDC8A015E92}.Release|ARM64.Build.0 = Release|ARM64
		{DA4F80F7-AFC6-4181-B832-1DDC8A015E92}.Release|ARM64.Deploy.0 = Release|ARM64
		{DA4F80F7-AFC6-4181-B832-1DDC8A015E92}.Release|x64.ActiveCfg = Release|x64
		{DA4F80F7-AFC6-4181-B832-1DDC8A015E92}.Release|x64.Build.0 = Release|x64
		{DA4F80F7-AFC6-4181-B832-1DDC8A015E92}.Release|x64.Deploy.0 = Release|x64
		{DA4F80F7-AFC6-4181-B832-1DDC8A015E92}.Release|x86.ActiveCfg = Release|x86
		{DA4F80F7-AFC6-4181-B832-1DDC8A015E92}.Release|x86.Build.0 = Release|x86
		{DA4F80F7-AFC6-4181-B832-1DDC8A015E92}.Release|x86.Deploy.0 = Release|x86
		{6C035EDF-874B-46AF-A0E9-E36CE2544031}.Debug|ARM.ActiveCfg = Debug|ARM
		{6C035EDF-874B-46AF-A0E9-E36CE2544031}.Debug|ARM.Build.0 = Debug|ARM
		{6C035EDF-874B-46AF-A0E9-E36CE2544031}.Debug|ARM.Deploy.0 = Debug|ARM
		{6C035EDF-874B-46AF-A0E9-E36CE2544031}.Debug|ARM64.ActiveCfg = Debug|ARM64
		{6C035EDF-874B-46AF-A0E9-E36CE2544031}.Debug|ARM64.Build.0 = Debug|ARM64
		{6C035EDF-874B-46AF-A0E9-E36CE2544031}.Debug|ARM64.Deploy.0 = Debug|ARM64
		{6C035EDF-874B-46AF-A0E9-E36CE2544031}.Debug|x64.ActiveCfg = Debug|x64
		{6C035EDF-874B-46AF-A0E9-E36CE2544031}.Debug|x64.Build.0 = Debug|x64
		{6C035EDF-874B-46AF-A0E9-E36CE2544031}.Debug|x64.Deploy.0 = Debug|x64
		{6C035EDF-874B-46AF-A0E9-E36CE2544031}.Debug|x86.ActiveCfg = Debug|x86
		{6C035EDF-874B-46AF-A0E9-E36CE2544031}.Debug|x86.Build.0 = Debug|x86
		{6C035EDF-874B-46AF-A0E9-E36CE2544031}.Debug|x86.Deploy.0 = Debug|x86
		{6C035EDF-874B-46AF-A0E9-E36CE2544031}.Release|ARM.ActiveCfg = Release|ARM
		{6C035EDF-874B-46AF-A0E9-E36CE2544031}.Release|ARM.Build.0 = Release|ARM
		{6C035EDF-874B-46AF-A0E9-E36CE2544031}.Release|ARM.Deploy.0 = Release|ARM
		{6C035EDF-874B-46AF-A0E9-E36CE2544031}.Release|ARM64.ActiveCfg = Release|ARM64
		{6C035EDF-874B-46AF-A0E9-E36CE2544031}.Release|ARM64.Build.0 = Release|ARM64
		{6C035EDF-874B-46AF-A0E9-E36CE2544031}.Release|ARM64.Deploy.0 = Release|ARM64
		{6C035EDF-874B-46AF-A0E9-E36CE2544031}.Release|x64.ActiveCfg = Release|x64
		{6C035EDF-874B-46AF-A0E9-E36CE2544031}.Release|x64.Build.0 = Release|x64
		{6C035EDF-874B-46AF-A0E9-E36CE2544031}.Release|x64.Deploy.0 = Release|x64
		{6C035EDF-874B-46AF-A0E9-E36CE2544031}.Release|x86.ActiveCfg = Release|x86
		{6C035EDF-874B-46AF-A0E9-E36CE2544031}.Release|x86.Build.0 = Release|x86
		{6C035EDF-874B-46AF-A0E9-E36CE2544031}.Release|x86.Deploy.0 = Release|x86
		{B8980F7E-FA8C-492E-92B6-432D6D0CEAF3}.Debug|ARM.ActiveCfg = Debug|ARM
		{B8980F7E-FA8C-492E-92B6-432D6D0CEAF3}.Debug|ARM.Build.0 = Debug|ARM
		{B8980F7E-FA8C-492E-92B6-432D6D0CEAF3}.Debug|ARM.Deploy.0 = Debug|ARM
		{B8980F7E-FA8C-492E-92B6-432D6D0CEAF3}.Debug|ARM64.ActiveCfg = Debug|ARM64
		{B8980F7E-FA8C-492E-92B6-432D6D0CEAF3}.Debug|ARM64.Build.0 = Debug|ARM64
		{B8980F7E-FA8C-492E-92B6-432D6D0CEAF3}.Debug|ARM64.Deploy.0 = Debug|ARM64
		{B8980F7E-FA8C-492E-92B6-432D6D0CEAF3}.Debug|x64.ActiveCfg = Debug|x64
		{B8980F7E-FA8C-492E-92B6-432D6D0CEAF3}.Debug|x64.Build.0 = Debug|x64
		{B8980F7E-FA8C-492E-92B6-432D6D0CEAF3}.Debug|x64.Deploy.0 = Debug|x64
		{B8980F7E-FA8C-492E-92B6-432D6D0CEAF3}.Debug|x86.ActiveCfg = Debug|x86
		{B8980F7E-FA8C-492E-92B6-432D6D0CEAF3}.Debug|x86.Build.0 = Debug|x86
		{B8980F7E-FA8C-492E-92B6-432D6D0CEAF3}.Debug|x86.Deploy.0 = Debug|x86
		{B8980F7E-FA8C-492E-92B6-432D6D0CEAF3}.Release|ARM.ActiveCfg = Release|ARM
		{B8980F7E-FA8C-492E-92B6-432D6D0CEAF3}.Release|ARM.Build.0 = Release|ARM
		{B8980F7E-FA8C-492E-92B6-432D6D0CEAF3}.Release|ARM.Deploy.0 = Release|ARM
		{B8980F7E-FA8C-492E-92B6-432D6D0CEAF3}.Release|ARM64.ActiveCfg = Release|ARM64
		{B8980F7E-FA8C-492E-92B6-432D6D0CEAF3}.Release|ARM64.Build.0 = Release|ARM64
		{B8980F7E-FA8C-492E-92B6-432D6D0CEAF3}.Release|ARM64.Deploy.0 = Release|ARM64
		{B8980F7E-FA8C-492E-92B6-432D6D0CEAF3}.Release|x64.ActiveCfg = Release|x64
		{B8980F7E-FA8C-492E-92B6-432D6D0CEAF3}.Release|x64.Build.0 = Release|x64
		{B8980F7E-FA8C-492E-92B6-432D6D0CEAF3}.Release|x64.Deploy.0 = Release|x64
		{B8980F7E-FA8C-492E-92B6-432D6D0CEAF3}.Release|x86.ActiveCfg = Release|x86
		{B8980F7E-FA8C-492E-92B6-432D6D0CEAF3}.Release|x86.Build.0 = Release|x86
		{B8980F7E-FA8C-492E-92B6-432D6D0CEAF3}.Release|x86.Deploy.0 = Release|x86
		{7F8D4CE4-1E05-4E84-B94E-02DBA17B45FB}.Debug|ARM.ActiveCfg = Debug|ARM
		{7F8D4CE4-1E05-4E84-B94E-02DBA17B45FB}.Debug|ARM.Build.0 = Debug|ARM
		{7F8D4CE4-1E05-4E84-B94E-02DBA17B45FB}.Debug|ARM.Deploy.0 = Debug|ARM
		{7F8D4CE4-1E05-4E84-B94E-02DBA17B45FB}.Debug|ARM64.ActiveCfg = Debug|ARM64
		{7F8D4CE4-1E05-4E84-B94E-02DBA17B45FB}.Debug|ARM64.Build.0 = Debug|ARM64
		{7F8D4CE4-1E05-4E84-B94E-02DBA17B45FB}.Debug|ARM64.Deploy.0 = Debug|ARM64
		{7F8D4CE4-1E05-4E84-B94E-02DBA17B45FB}.Debug|x64.ActiveCfg = Debug|x64
		{7F8D4CE4-1E05-4E84-B94E-02DBA17B45FB}.Debug|x64.Build.0 = Debug|x64
		{7F8D4CE4-1E05-4E84-B94E-02DBA17B45FB}.Debug|x64.Deploy.0 = Debug|x64
		{7F8D4CE4-1E05-4E84-B94E-02DBA17B45FB}.Debug|x86.ActiveCfg = Debug|x86
		{7F8D4CE4-1E05-4E84-B94E-02DBA17B45FB}.Debug|x86.Build.0 = Debug|x86
		{7F8D4CE4-1E05-4E84-B94E-02DBA17B45FB}.Debug|x86.Deploy.0 = Debug|x86
		{7F8D4CE4-1E05-4E84-B94E-02DBA17B45FB}.Release|ARM.ActiveCfg = Release|ARM
		{7F8D4CE4-1E05-4E84-B94E-02DBA17B45FB}.Release|ARM.Build.0 = Release|ARM
		{7F8D4CE4-1E05-4E84-B94E-02DBA17B45FB}.Release|ARM.Deploy.0 = Release|ARM
		{7F8D4CE4-1E05-4E84-B94E-02DBA17B45FB}.Release|ARM64.ActiveCfg = Release|ARM64
		{7F8D4CE4-1E05-4E84-B94E-02DBA17B45FB}.Release|ARM64.Build.0 = Release|ARM64
		{7F8D4CE4-1E05-4E84-B94E-02DBA17B45FB}.Release|ARM64.Deploy.0 = Release|ARM64
		{7F8D4CE4-1E05-4E84-B94E-02DBA17B45FB}.Release|x64.ActiveCfg = Release|x64
		{7F8D4CE4-1E05-4E84-B94E-02DBA17B45FB}.Release|x64.Build.0 = Release|x64
		{7F8D4CE4-1E05-4E84-B94E-02DBA17B45FB}.Release|x64.Deploy.0 = Release|x64
		{7F8D4CE4-1E05-4E84-B94E-02DBA17B45FB}.Release|x86.ActiveCfg = Release|x86
		{7F8D4CE4-1E05-4E84-B94E-02DBA17B45FB}.Release|x86.Build.0 = Release|x86
		{7F8D4CE4-1E05-4E84-B94E-02DBA17B45FB}.Release|x86.Deploy.0 = Release|x86
	EndGlobalSection
	GlobalSection(SolutionProperties) = preSolution
		HideSolutionNode = FALSE
	EndGlobalSection
	GlobalSection(ExtensibilityGlobals) = postSolution
		SolutionGuid = {B0572FA2-C36D-4FDB-B931-B447BAD81F43}
	EndGlobalSection
EndGlobal
